
Microsoft Visual Studio Solution File, Format Version 12.00
# Visual Studio Version 16
VisualStudioVersion = 16.0.31702.278
MinimumVisualStudioVersion = 10.0.40219.1
Project("{FAE04EC0-301F-11D3-BF4B-00C04F79EFBC}") = "CW1-WebAppUI-8408", "CW1-WebAppUI-8408\CW1-WebAppUI-8408.csproj", "{B860BB51-21C3-408A-A157-9A6B95249F13}"
EndProject
Global
	GlobalSection(SolutionConfigurationPlatforms) = preSolution
		Debug|Any CPU = Debug|Any CPU
		Release|Any CPU = Release|Any CPU
	EndGlobalSection
	GlobalSection(ProjectConfigurationPlatforms) = postSolution
		{B860BB51-21C3-408A-A157-9A6B95249F13}.Debug|Any CPU.ActiveCfg = Debug|Any CPU
		{B860BB51-21C3-408A-A157-9A6B95249F13}.Debug|Any CPU.Build.0 = Debug|Any CPU
		{B860BB51-21C3-408A-A157-9A6B95249F13}.Release|Any CPU.ActiveCfg = Release|Any CPU
		{B860BB51-21C3-408A-A157-9A6B95249F13}.Release|Any CPU.Build.0 = Release|Any CPU
	EndGlobalSection
	GlobalSection(SolutionProperties) = preSolution
		HideSolutionNode = FALSE
	EndGlobalSection
	GlobalSection(ExtensibilityGlobals) = postSolution
		SolutionGuid = {13A5B7CC-77D0-4774-8287-025336CD6D5B}
	EndGlobalSection
EndGlobal
